
Microsoft Visual Studio Solution File, Format Version 12.00
# Visual Studio 15
VisualStudioVersion = 15.0.28010.2026
MinimumVisualStudioVersion = 10.0.40219.1
Project("{FAE04EC0-301F-11D3-BF4B-00C04F79EFBC}") = "ASCSignpostingSummary", "ASCSignpostingSummary\ASCSignpostingSummary.csproj", "{CE54D428-13B6-4829-8EC7-06CF883448EB}"
EndProject
Global
	GlobalSection(SolutionConfigurationPlatforms) = preSolution
		Debug|Any CPU = Debug|Any CPU
		Release|Any CPU = Release|Any CPU
	EndGlobalSection
	GlobalSection(ProjectConfigurationPlatforms) = postSolution
		{CE54D428-13B6-4829-8EC7-06CF883448EB}.Debug|Any CPU.ActiveCfg = Debug|Any CPU
		{CE54D428-13B6-4829-8EC7-06CF883448EB}.Debug|Any CPU.Build.0 = Debug|Any CPU
		{CE54D428-13B6-4829-8EC7-06CF883448EB}.Release|Any CPU.ActiveCfg = Release|Any CPU
		{CE54D428-13B6-4829-8EC7-06CF883448EB}.Release|Any CPU.Build.0 = Release|Any CPU
	EndGlobalSection
	GlobalSection(SolutionProperties) = preSolution
		HideSolutionNode = FALSE
	EndGlobalSection
	GlobalSection(ExtensibilityGlobals) = postSolution
		SolutionGuid = {2EFA9961-780E-4017-8AC0-214FECE97712}
	EndGlobalSection
EndGlobal
